
Microsoft Visual Studio Solution File, Format Version 12.00
# Visual Studio Express 2012 for Windows Desktop
Project("{FAE04EC0-301F-11D3-BF4B-00C04F79EFBC}") = "TstGenetic", "TstGenetic.csproj", "{90D35F0D-0292-4A4E-A383-248524A1E4B3}"
EndProject
Project("{2150E333-8FDC-42A3-9474-1A3956D46DE8}") = ".nuget", ".nuget", "{4D4D2240-6E67-43F6-AD2F-02F860B2B6B5}"
	ProjectSection(SolutionItems) = preProject
		.nuget\NuGet.Config = .nuget\NuGet.Config
		.nuget\NuGet.exe = .nuget\NuGet.exe
		.nuget\NuGet.targets = .nuget\NuGet.targets
	EndProjectSection
EndProject
Global
	GlobalSection(SolutionConfigurationPlatforms) = preSolution
		Debug|Any CPU = Debug|Any CPU
		Release|Any CPU = Release|Any CPU
	EndGlobalSection
	GlobalSection(ProjectConfigurationPlatforms) = postSolution
		{90D35F0D-0292-4A4E-A383-248524A1E4B3}.Debug|Any CPU.ActiveCfg = Debug|Any CPU
		{90D35F0D-0292-4A4E-A383-248524A1E4B3}.Debug|Any CPU.Build.0 = Debug|Any CPU
		{90D35F0D-0292-4A4E-A383-248524A1E4B3}.Release|Any CPU.ActiveCfg = Release|Any CPU
		{90D35F0D-0292-4A4E-A383-248524A1E4B3}.Release|Any CPU.Build.0 = Release|Any CPU
	EndGlobalSection
	GlobalSection(SolutionProperties) = preSolution
		HideSolutionNode = FALSE
	EndGlobalSection
EndGlobal
